// !$*UTF8*$!
{
	archiveVersion = 1;
	classes = {
	};
	objectVersion = 46;
	objects = {

/* Begin PBXBuildFile section */
		5727274A1F04E86B0071A628 /* AppDelegate.swift in Sources */ = {isa = PBXBuildFile; fileRef = 572727491F04E86B0071A628 /* AppDelegate.swift */; };
		572727531F04E86B0071A628 /* Main.storyboard in Resources */ = {isa = PBXBuildFile; fileRef = 572727511F04E86B0071A628 /* Main.storyboard */; };
		572727551F04E86B0071A628 /* Assets.xcassets in Resources */ = {isa = PBXBuildFile; fileRef = 572727541F04E86B0071A628 /* Assets.xcassets */; };
		572727581F04E86B0071A628 /* LaunchScreen.storyboard in Resources */ = {isa = PBXBuildFile; fileRef = 572727561F04E86B0071A628 /* LaunchScreen.storyboard */; };
		572727631F04E86B0071A628 /* DialOnixTests.swift in Sources */ = {isa = PBXBuildFile; fileRef = 572727621F04E86B0071A628 /* DialOnixTests.swift */; };
		5727276E1F04E86B0071A628 /* DialOnixUITests.swift in Sources */ = {isa = PBXBuildFile; fileRef = 5727276D1F04E86B0071A628 /* DialOnixUITests.swift */; };
		6ACC83501F04F2DC0037630A /* ViewController.swift in Sources */ = {isa = PBXBuildFile; fileRef = 6ACC834F1F04F2DC0037630A /* ViewController.swift */; };
		6ACC83541F04F6870037630A /* libstdc++.tbd in Frameworks */ = {isa = PBXBuildFile; fileRef = 6ACC83531F04F6870037630A /* libstdc++.tbd */; };
/* End PBXBuildFile section */

/* Begin PBXContainerItemProxy section */
		5727275F1F04E86B0071A628 /* PBXContainerItemProxy */ = {
			isa = PBXContainerItemProxy;
			containerPortal = 5727273E1F04E86B0071A628 /* Project object */;
			proxyType = 1;
			remoteGlobalIDString = 572727451F04E86B0071A628;
			remoteInfo = DialOnix;
		};
		5727276A1F04E86B0071A628 /* PBXContainerItemProxy */ = {
			isa = PBXContainerItemProxy;
			containerPortal = 5727273E1F04E86B0071A628 /* Project object */;
			proxyType = 1;
			remoteGlobalIDString = 572727451F04E86B0071A628;
			remoteInfo = DialOnix;
		};
/* End PBXContainerItemProxy section */

/* Begin PBXFileReference section */
		572727461F04E86B0071A628 /* DialOnix.app */ = {isa = PBXFileReference; explicitFileType = wrapper.application; includeInIndex = 0; path = DialOnix.app; sourceTree = BUILT_PRODUCTS_DIR; };
		572727491F04E86B0071A628 /* AppDelegate.swift */ = {isa = PBXFileReference; lastKnownFileType = sourcecode.swift; path = AppDelegate.swift; sourceTree = "<group>"; };
		572727521F04E86B0071A628 /* Base */ = {isa = PBXFileReference; lastKnownFileType = file.storyboard; name = Base; path = Base.lproj/Main.storyboard; sourceTree = "<group>"; };
		572727541F04E86B0071A628 /* Assets.xcassets */ = {isa = PBXFileReference; lastKnownFileType = folder.assetcatalog; path = Assets.xcassets; sourceTree = "<group>"; };
		572727571F04E86B0071A628 /* Base */ = {isa = PBXFileReference; lastKnownFileType = file.storyboard; name = Base; path = Base.lproj/LaunchScreen.storyboard; sourceTree = "<group>"; };
		572727591F04E86B0071A628 /* Info.plist */ = {isa = PBXFileReference; lastKnownFileType = text.plist.xml; path = Info.plist; sourceTree = "<group>"; };
		5727275E1F04E86B0071A628 /* DialOnixTests.xctest */ = {isa = PBXFileReference; explicitFileType = wrapper.cfbundle; includeInIndex = 0; path = DialOnixTests.xctest; sourceTree = BUILT_PRODUCTS_DIR; };
		572727621F04E86B0071A628 /* DialOnixTests.swift */ = {isa = PBXFileReference; lastKnownFileType = sourcecode.swift; path = DialOnixTests.swift; sourceTree = "<group>"; };
		572727641F04E86B0071A628 /* Info.plist */ = {isa = PBXFileReference; lastKnownFileType = text.plist.xml; path = Info.plist; sourceTree = "<group>"; };
		572727691F04E86B0071A628 /* DialOnixUITests.xctest */ = {isa = PBXFileReference; explicitFileType = wrapper.cfbundle; includeInIndex = 0; path = DialOnixUITests.xctest; sourceTree = BUILT_PRODUCTS_DIR; };
		5727276D1F04E86B0071A628 /* DialOnixUITests.swift */ = {isa = PBXFileReference; lastKnownFileType = sourcecode.swift; path = DialOnixUITests.swift; sourceTree = "<group>"; };
		5727276F1F04E86B0071A628 /* Info.plist */ = {isa = PBXFileReference; lastKnownFileType = text.plist.xml; path = Info.plist; sourceTree = "<group>"; };
		6ACC834F1F04F2DC0037630A /* ViewController.swift */ = {isa = PBXFileReference; fileEncoding = 4; lastKnownFileType = sourcecode.swift; path = ViewController.swift; sourceTree = "<group>"; };
		6ACC83511F04F42A0037630A /* DialOnix-Bridging-Header.h */ = {isa = PBXFileReference; fileEncoding = 4; lastKnownFileType = sourcecode.c.h; path = "DialOnix-Bridging-Header.h"; sourceTree = "<group>"; };
		6ACC83531F04F6870037630A /* libstdc++.tbd */ = {isa = PBXFileReference; lastKnownFileType = "sourcecode.text-based-dylib-definition"; name = "libstdc++.tbd"; path = "usr/lib/libstdc++.tbd"; sourceTree = SDKROOT; };
/* End PBXFileReference section */

/* Begin PBXFrameworksBuildPhase section */
		572727431F04E86B0071A628 /* Frameworks */ = {
			isa = PBXFrameworksBuildPhase;
			buildActionMask = 2147483647;
			files = (
				6ACC83541F04F6870037630A /* libstdc++.tbd in Frameworks */,
			);
			runOnlyForDeploymentPostprocessing = 0;
		};
		5727275B1F04E86B0071A628 /* Frameworks */ = {
			isa = PBXFrameworksBuildPhase;
			buildActionMask = 2147483647;
			files = (
			);
			runOnlyForDeploymentPostprocessing = 0;
		};
		572727661F04E86B0071A628 /* Frameworks */ = {
			isa = PBXFrameworksBuildPhase;
			buildActionMask = 2147483647;
			files = (
			);
			runOnlyForDeploymentPostprocessing = 0;
		};
/* End PBXFrameworksBuildPhase section */

/* Begin PBXGroup section */
		5727273D1F04E86B0071A628 = {
			isa = PBXGroup;
			children = (
				572727481F04E86B0071A628 /* DialOnix */,
				572727611F04E86B0071A628 /* DialOnixTests */,
				5727276C1F04E86B0071A628 /* DialOnixUITests */,
				572727471F04E86B0071A628 /* Products */,
				6ACC83521F04F6860037630A /* Frameworks */,
			);
			sourceTree = "<group>";
		};
		572727471F04E86B0071A628 /* Products */ = {
			isa = PBXGroup;
			children = (
				572727461F04E86B0071A628 /* DialOnix.app */,
				5727275E1F04E86B0071A628 /* DialOnixTests.xctest */,
				572727691F04E86B0071A628 /* DialOnixUITests.xctest */,
			);
			name = Products;
			sourceTree = "<group>";
		};
		572727481F04E86B0071A628 /* DialOnix */ = {
			isa = PBXGroup;
			children = (
				6A7C125F221ED4090037965E /* CloudonixSDK */,
				572727491F04E86B0071A628 /* AppDelegate.swift */,
				6ACC83511F04F42A0037630A /* DialOnix-Bridging-Header.h */,
				6ACC834F1F04F2DC0037630A /* ViewController.swift */,
				572727511F04E86B0071A628 /* Main.storyboard */,
				572727541F04E86B0071A628 /* Assets.xcassets */,
				572727561F04E86B0071A628 /* LaunchScreen.storyboard */,
				572727591F04E86B0071A628 /* Info.plist */,
			);
			path = DialOnix;
			sourceTree = "<group>";
		};
		572727611F04E86B0071A628 /* DialOnixTests */ = {
			isa = PBXGroup;
			children = (
				572727621F04E86B0071A628 /* DialOnixTests.swift */,
				572727641F04E86B0071A628 /* Info.plist */,
			);
			path = DialOnixTests;
			sourceTree = "<group>";
		};
		5727276C1F04E86B0071A628 /* DialOnixUITests */ = {
			isa = PBXGroup;
			children = (
				5727276D1F04E86B0071A628 /* DialOnixUITests.swift */,
				5727276F1F04E86B0071A628 /* Info.plist */,
			);
			path = DialOnixUITests;
			sourceTree = "<group>";
		};
		6A7C125F221ED4090037965E /* CloudonixSDK */ = {
			isa = PBXGroup;
			children = (
			);
			path = CloudonixSDK;
			sourceTree = SOURCE_ROOT;
		};
		6ACC83521F04F6860037630A /* Frameworks */ = {
			isa = PBXGroup;
			children = (
				6ACC83531F04F6870037630A /* libstdc++.tbd */,
			);
			name = Frameworks;
			sourceTree = "<group>";
		};
/* End PBXGroup section */

/* Begin PBXNativeTarget section */
		572727451F04E86B0071A628 /* DialOnix */ = {
			isa = PBXNativeTarget;
			buildConfigurationList = 572727721F04E86B0071A628 /* Build configuration list for PBXNativeTarget "DialOnix" */;
			buildPhases = (
				572727421F04E86B0071A628 /* Sources */,
				572727431F04E86B0071A628 /* Frameworks */,
				572727441F04E86B0071A628 /* Resources */,
			);
			buildRules = (
			);
			dependencies = (
			);
			name = DialOnix;
			productName = DialOnix;
			productReference = 572727461F04E86B0071A628 /* DialOnix.app */;
			productType = "com.apple.product-type.application";
		};
		5727275D1F04E86B0071A628 /* DialOnixTests */ = {
			isa = PBXNativeTarget;
			buildConfigurationList = 572727751F04E86B0071A628 /* Build configuration list for PBXNativeTarget "DialOnixTests" */;
			buildPhases = (
				5727275A1F04E86B0071A628 /* Sources */,
				5727275B1F04E86B0071A628 /* Frameworks */,
				5727275C1F04E86B0071A628 /* Resources */,
			);
			buildRules = (
			);
			dependencies = (
				572727601F04E86B0071A628 /* PBXTargetDependency */,
			);
			name = DialOnixTests;
			productName = DialOnixTests;
			productReference = 5727275E1F04E86B0071A628 /* DialOnixTests.xctest */;
			productType = "com.apple.product-type.bundle.unit-test";
		};
		572727681F04E86B0071A628 /* DialOnixUITests */ = {
			isa = PBXNativeTarget;
			buildConfigurationList = 572727781F04E86B0071A628 /* Build configuration list for PBXNativeTarget "DialOnixUITests" */;
			buildPhases = (
				572727651F04E86B0071A628 /* Sources */,
				572727661F04E86B0071A628 /* Frameworks */,
				572727671F04E86B0071A628 /* Resources */,
			);
			buildRules = (
			);
			dependencies = (
				5727276B1F04E86B0071A628 /* PBXTargetDependency */,
			);
			name = DialOnixUITests;
			productName = DialOnixUITests;
			productReference = 572727691F04E86B0071A628 /* DialOnixUITests.xctest */;
			productType = "com.apple.product-type.bundle.ui-testing";
		};
/* End PBXNativeTarget section */

/* Begin PBXProject section */
		5727273E1F04E86B0071A628 /* Project object */ = {
			isa = PBXProject;
			attributes = {
				LastSwiftUpdateCheck = 0830;
				LastUpgradeCheck = 0830;
				ORGANIZATIONNAME = "David Bereslavich";
				TargetAttributes = {
					572727451F04E86B0071A628 = {
						CreatedOnToolsVersion = 8.3.3;
						ProvisioningStyle = Manual;
					};
					5727275D1F04E86B0071A628 = {
						CreatedOnToolsVersion = 8.3.3;
						DevelopmentTeam = Q6TW2UWEBY;
						ProvisioningStyle = Automatic;
						TestTargetID = 572727451F04E86B0071A628;
					};
					572727681F04E86B0071A628 = {
						CreatedOnToolsVersion = 8.3.3;
						ProvisioningStyle = Automatic;
						TestTargetID = 572727451F04E86B0071A628;
					};
				};
			};
			buildConfigurationList = 572727411F04E86B0071A628 /* Build configuration list for PBXProject "DialOnix" */;
			compatibilityVersion = "Xcode 3.2";
			developmentRegion = English;
			hasScannedForEncodings = 0;
			knownRegions = (
				en,
				Base,
			);
			mainGroup = 5727273D1F04E86B0071A628;
			productRefGroup = 572727471F04E86B0071A628 /* Products */;
			projectDirPath = "";
			projectRoot = "";
			targets = (
				572727451F04E86B0071A628 /* DialOnix */,
				5727275D1F04E86B0071A628 /* DialOnixTests */,
				572727681F04E86B0071A628 /* DialOnixUITests */,
			);
		};
/* End PBXProject section */

/* Begin PBXResourcesBuildPhase section */
		572727441F04E86B0071A628 /* Resources */ = {
			isa = PBXResourcesBuildPhase;
			buildActionMask = 2147483647;
			files = (
				572727581F04E86B0071A628 /* LaunchScreen.storyboard in Resources */,
				572727551F04E86B0071A628 /* Assets.xcassets in Resources */,
				572727531F04E86B0071A628 /* Main.storyboard in Resources */,
			);
			runOnlyForDeploymentPostprocessing = 0;
		};
		5727275C1F04E86B0071A628 /* Resources */ = {
			isa = PBXResourcesBuildPhase;
			buildActionMask = 2147483647;
			files = (
			);
			runOnlyForDeploymentPostprocessing = 0;
		};
		572727671F04E86B0071A628 /* Resources */ = {
			isa = PBXResourcesBuildPhase;
			buildActionMask = 2147483647;
			files = (
			);
			runOnlyForDeploymentPostprocessing = 0;
		};
/* End PBXResourcesBuildPhase section */

/* Begin PBXSourcesBuildPhase section */
		572727421F04E86B0071A628 /* Sources */ = {
			isa = PBXSourcesBuildPhase;
			buildActionMask = 2147483647;
			files = (
				6ACC83501F04F2DC0037630A /* ViewController.swift in Sources */,
				5727274A1F04E86B0071A628 /* AppDelegate.swift in Sources */,
			);
			runOnlyForDeploymentPostprocessing = 0;
		};
		5727275A1F04E86B0071A628 /* Sources */ = {
			isa = PBXSourcesBuildPhase;
			buildActionMask = 2147483647;
			files = (
				572727631F04E86B0071A628 /* DialOnixTests.swift in Sources */,
			);
			runOnlyForDeploymentPostprocessing = 0;
		};
		572727651F04E86B0071A628 /* Sources */ = {
			isa = PBXSourcesBuildPhase;
			buildActionMask = 2147483647;
			files = (
				5727276E1F04E86B0071A628 /* DialOnixUITests.swift in Sources */,
			);
			runOnlyForDeploymentPostprocessing = 0;
		};
/* End PBXSourcesBuildPhase section */

/* Begin PBXTargetDependency section */
		572727601F04E86B0071A628 /* PBXTargetDependency */ = {
			isa = PBXTargetDependency;
			target = 572727451F04E86B0071A628 /* DialOnix */;
			targetProxy = 5727275F1F04E86B0071A628 /* PBXContainerItemProxy */;
		};
		5727276B1F04E86B0071A628 /* PBXTargetDependency */ = {
			isa = PBXTargetDependency;
			target = 572727451F04E86B0071A628 /* DialOnix */;
			targetProxy = 5727276A1F04E86B0071A628 /* PBXContainerItemProxy */;
		};
/* End PBXTargetDependency section */

/* Begin PBXVariantGroup section */
		572727511F04E86B0071A628 /* Main.storyboard */ = {
			isa = PBXVariantGroup;
			children = (
				572727521F04E86B0071A628 /* Base */,
			);
			name = Main.storyboard;
			sourceTree = "<group>";
		};
		572727561F04E86B0071A628 /* LaunchScreen.storyboard */ = {
			isa = PBXVariantGroup;
			children = (
				572727571F04E86B0071A628 /* Base */,
			);
			name = LaunchScreen.storyboard;
			sourceTree = "<group>";
		};
/* End PBXVariantGroup section */

/* Begin XCBuildConfiguration section */
		572727701F04E86B0071A628 /* Debug */ = {
			isa = XCBuildConfiguration;
			buildSettings = {
				ALWAYS_SEARCH_USER_PATHS = NO;
				CLANG_ANALYZER_NONNULL = YES;
				CLANG_ANALYZER_NUMBER_OBJECT_CONVERSION = YES_AGGRESSIVE;
				CLANG_CXX_LANGUAGE_STANDARD = "gnu++0x";
				CLANG_CXX_LIBRARY = "libc++";
				CLANG_ENABLE_MODULES = YES;
				CLANG_ENABLE_OBJC_ARC = YES;
				CLANG_WARN_BOOL_CONVERSION = YES;
				CLANG_WARN_CONSTANT_CONVERSION = YES;
				CLANG_WARN_DIRECT_OBJC_ISA_USAGE = YES_ERROR;
				CLANG_WARN_DOCUMENTATION_COMMENTS = YES;
				CLANG_WARN_EMPTY_BODY = YES;
				CLANG_WARN_ENUM_CONVERSION = YES;
				CLANG_WARN_INFINITE_RECURSION = YES;
				CLANG_WARN_INT_CONVERSION = YES;
				CLANG_WARN_OBJC_ROOT_CLASS = YES_ERROR;
				CLANG_WARN_SUSPICIOUS_MOVE = YES;
				CLANG_WARN_UNREACHABLE_CODE = YES;
				CLANG_WARN__DUPLICATE_METHOD_MATCH = YES;
				"CODE_SIGN_IDENTITY[sdk=iphoneos*]" = "iPhone Developer";
				COPY_PHASE_STRIP = NO;
				DEBUG_INFORMATION_FORMAT = dwarf;
				ENABLE_STRICT_OBJC_MSGSEND = YES;
				ENABLE_TESTABILITY = YES;
				GCC_C_LANGUAGE_STANDARD = gnu99;
				GCC_DYNAMIC_NO_PIC = NO;
				GCC_NO_COMMON_BLOCKS = YES;
				GCC_OPTIMIZATION_LEVEL = 0;
				GCC_PREPROCESSOR_DEFINITIONS = (
					"DEBUG=1",
					"$(inherited)",
				);
				GCC_WARN_64_TO_32_BIT_CONVERSION = YES;
				GCC_WARN_ABOUT_RETURN_TYPE = YES_ERROR;
				GCC_WARN_UNDECLARED_SELECTOR = YES;
				GCC_WARN_UNINITIALIZED_AUTOS = YES_AGGRESSIVE;
				GCC_WARN_UNUSED_FUNCTION = YES;
				GCC_WARN_UNUSED_VARIABLE = YES;
				IPHONEOS_DEPLOYMENT_TARGET = 10.3;
				MTL_ENABLE_DEBUG_INFO = YES;
				ONLY_ACTIVE_ARCH = YES;
				SDKROOT = iphoneos;
				SWIFT_ACTIVE_COMPILATION_CONDITIONS = DEBUG;
				SWIFT_OPTIMIZATION_LEVEL = "-Onone";
				TARGETED_DEVICE_FAMILY = "1,2";
			};
			name = Debug;
		};
		572727711F04E86B0071A628 /* Release */ = {
			isa = XCBuildConfiguration;
			buildSettings = {
				ALWAYS_SEARCH_USER_PATHS = NO;
				CLANG_ANALYZER_NONNULL = YES;
				CLANG_ANALYZER_NUMBER_OBJECT_CONVERSION = YES_AGGRESSIVE;
				CLANG_CXX_LANGUAGE_STANDARD = "gnu++0x";
				CLANG_CXX_LIBRARY = "libc++";
				CLANG_ENABLE_MODULES = YES;
				CLANG_ENABLE_OBJC_ARC = YES;
				CLANG_WARN_BOOL_CONVERSION = YES;
				CLANG_WARN_CONSTANT_CONVERSION = YES;
				CLANG_WARN_DIRECT_OBJC_ISA_USAGE = YES_ERROR;
				CLANG_WARN_DOCUMENTATION_COMMENTS = YES;
				CLANG_WARN_EMPTY_BODY = YES;
				CLANG_WARN_ENUM_CONVERSION = YES;
				CLANG_WARN_INFINITE_RECURSION = YES;
				CLANG_WARN_INT_CONVERSION = YES;
				CLANG_WARN_OBJC_ROOT_CLASS = YES_ERROR;
				CLANG_WARN_SUSPICIOUS_MOVE = YES;
				CLANG_WARN_UNREACHABLE_CODE = YES;
				CLANG_WARN__DUPLICATE_METHOD_MATCH = YES;
				"CODE_SIGN_IDENTITY[sdk=iphoneos*]" = "iPhone Developer";
				COPY_PHASE_STRIP = NO;
				DEBUG_INFORMATION_FORMAT = "dwarf-with-dsym";
				ENABLE_NS_ASSERTIONS = NO;
				ENABLE_STRICT_OBJC_MSGSEND = YES;
				GCC_C_LANGUAGE_STANDARD = gnu99;
				GCC_NO_COMMON_BLOCKS = YES;
				GCC_WARN_64_TO_32_BIT_CONVERSION = YES;
				GCC_WARN_ABOUT_RETURN_TYPE = YES_ERROR;
				GCC_WARN_UNDECLARED_SELECTOR = YES;
				GCC_WARN_UNINITIALIZED_AUTOS = YES_AGGRESSIVE;
				GCC_WARN_UNUSED_FUNCTION = YES;
				GCC_WARN_UNUSED_VARIABLE = YES;
				IPHONEOS_DEPLOYMENT_TARGET = 10.3;
				MTL_ENABLE_DEBUG_INFO = NO;
				SDKROOT = iphoneos;
				SWIFT_OPTIMIZATION_LEVEL = "-Owholemodule";
				TARGETED_DEVICE_FAMILY = "1,2";
				VALIDATE_PRODUCT = YES;
			};
			name = Release;
		};
		572727731F04E86B0071A628 /* Debug */ = {
			isa = XCBuildConfiguration;
			buildSettings = {
				ASSETCATALOG_COMPILER_APPICON_NAME = AppIcon;
				CODE_SIGN_STYLE = Manual;
				DEVELOPMENT_TEAM = "";
				ENABLE_BITCODE = NO;
				HEADER_SEARCH_PATHS = "$(PROJECT_DIR)/VoipHeaders";
				INFOPLIST_FILE = DialOnix/Info.plist;
				LD_RUNPATH_SEARCH_PATHS = "$(inherited) @executable_path/Frameworks";
				LIBRARY_SEARCH_PATHS = (
					"$(inherited)",
					"$(PROJECT_DIR)/libraries",
					"$(PROJECT_DIR)/CloudonixSDK",
				);
				PRODUCT_BUNDLE_IDENTIFIER = com.cloudonix.DialOnix;
				PRODUCT_NAME = "$(TARGET_NAME)";
				PROVISIONING_PROFILE_SPECIFIER = "";
				SWIFT_OBJC_BRIDGING_HEADER = "$(PROJECT_DIR)/DialOnix/DialOnix-Bridging-Header.h";
				SWIFT_VERSION = 3.0;
			};
			name = Debug;
		};
		572727741F04E86B0071A628 /* Release */ = {
			isa = XCBuildConfiguration;
			buildSettings = {
				ASSETCATALOG_COMPILER_APPICON_NAME = AppIcon;
				CODE_SIGN_STYLE = Manual;
				DEVELOPMENT_TEAM = "";
				ENABLE_BITCODE = NO;
				HEADER_SEARCH_PATHS = "$(PROJECT_DIR)/VoipHeaders";
				INFOPLIST_FILE = DialOnix/Info.plist;
				LD_RUNPATH_SEARCH_PATHS = "$(inherited) @executable_path/Frameworks";
				LIBRARY_SEARCH_PATHS = (
					"$(inherited)",
					"$(PROJECT_DIR)/libraries",
					"$(PROJECT_DIR)/CloudonixSDK",
				);
				PRODUCT_BUNDLE_IDENTIFIER = com.cloudonix.DialOnix;
				PRODUCT_NAME = "$(TARGET_NAME)";
				PROVISIONING_PROFILE_SPECIFIER = "";
				SWIFT_OBJC_BRIDGING_HEADER = "$(PROJECT_DIR)/DialOnix/DialOnix-Bridging-Header.h";
				SWIFT_VERSION = 3.0;
			};
			name = Release;
		};
		572727761F04E86B0071A628 /* Debug */ = {
			isa = XCBuildConfiguration;
			buildSettings = {
				ALWAYS_EMBED_SWIFT_STANDARD_LIBRARIES = YES;
				BUNDLE_LOADER = "$(TEST_HOST)";
				DEVELOPMENT_TEAM = Q6TW2UWEBY;
				INFOPLIST_FILE = DialOnixTests/Info.plist;
				LD_RUNPATH_SEARCH_PATHS = "$(inherited) @executable_path/Frameworks @loader_path/Frameworks";
				PRODUCT_BUNDLE_IDENTIFIER = com.greenfildtech.DialOnixTests;
				PRODUCT_NAME = "$(TARGET_NAME)";
				SWIFT_VERSION = 3.0;
				TEST_HOST = "$(BUILT_PRODUCTS_DIR)/DialOnix.app/DialOnix";
			};
			name = Debug;
		};
		572727771F04E86B0071A628 /* Release */ = {
			isa = XCBuildConfiguration;
			buildSettings = {
				ALWAYS_EMBED_SWIFT_STANDARD_LIBRARIES = YES;
				BUNDLE_LOADER = "$(TEST_HOST)";
				DEVELOPMENT_TEAM = Q6TW2UWEBY;
				INFOPLIST_FILE = DialOnixTests/Info.plist;
				LD_RUNPATH_SEARCH_PATHS = "$(inherited) @executable_path/Frameworks @loader_path/Frameworks";
				PRODUCT_BUNDLE_IDENTIFIER = com.greenfildtech.DialOnixTests;
				PRODUCT_NAME = "$(TARGET_NAME)";
				SWIFT_VERSION = 3.0;
				TEST_HOST = "$(BUILT_PRODUCTS_DIR)/DialOnix.app/DialOnix";
			};
			name = Release;
		};
		572727791F04E86B0071A628 /* Debug */ = {
			isa = XCBuildConfiguration;
			buildSettings = {
				ALWAYS_EMBED_SWIFT_STANDARD_LIBRARIES = YES;
				INFOPLIST_FILE = DialOnixUITests/Info.plist;
				LD_RUNPATH_SEARCH_PATHS = "$(inherited) @executable_path/Frameworks @loader_path/Frameworks";
				PRODUCT_BUNDLE_IDENTIFIER = com.greenfildtech.DialOnixUITests;
				PRODUCT_NAME = "$(TARGET_NAME)";
				SWIFT_VERSION = 3.0;
				TEST_TARGET_NAME = DialOnix;
			};
			name = Debug;
		};
		5727277A1F04E86B0071A628 /* Release */ = {
			isa = XCBuildConfiguration;
			buildSettings = {
				ALWAYS_EMBED_SWIFT_STANDARD_LIBRARIES = YES;
				INFOPLIST_FILE = DialOnixUITests/Info.plist;
				LD_RUNPATH_SEARCH_PATHS = "$(inherited) @executable_path/Frameworks @loader_path/Frameworks";
				PRODUCT_BUNDLE_IDENTIFIER = com.greenfildtech.DialOnixUITests;
				PRODUCT_NAME = "$(TARGET_NAME)";
				SWIFT_VERSION = 3.0;
				TEST_TARGET_NAME = DialOnix;
			};
			name = Release;
		};
/* End XCBuildConfiguration section */

/* Begin XCConfigurationList section */
		572727411F04E86B0071A628 /* Build configuration list for PBXProject "DialOnix" */ = {
			isa = XCConfigurationList;
			buildConfigurations = (
				572727701F04E86B0071A628 /* Debug */,
				572727711F04E86B0071A628 /* Release */,
			);
			defaultConfigurationIsVisible = 0;
			defaultConfigurationName = Release;
		};
		572727721F04E86B0071A628 /* Build configuration list for PBXNativeTarget "DialOnix" */ = {
			isa = XCConfigurationList;
			buildConfigurations = (
				572727731F04E86B0071A628 /* Debug */,
				572727741F04E86B0071A628 /* Release */,
			);
			defaultConfigurationIsVisible = 0;
			defaultConfigurationName = Release;
		};
		572727751F04E86B0071A628 /* Build configuration list for PBXNativeTarget "DialOnixTests" */ = {
			isa = XCConfigurationList;
			buildConfigurations = (
				572727761F04E86B0071A628 /* Debug */,
				572727771F04E86B0071A628 /* Release */,
			);
			defaultConfigurationIsVisible = 0;
			defaultConfigurationName = Release;
		};
		572727781F04E86B0071A628 /* Build configuration list for PBXNativeTarget "DialOnixUITests" */ = {
			isa = XCConfigurationList;
			buildConfigurations = (
				572727791F04E86B0071A628 /* Debug */,
				5727277A1F04E86B0071A628 /* Release */,
			);
			defaultConfigurationIsVisible = 0;
			defaultConfigurationName = Release;
		};
/* End XCConfigurationList section */
	};
	rootObject = 5727273E1F04E86B0071A628 /* Project object */;
}
